// !$*UTF8*$!
{
	archiveVersion = 1;
	classes = {
	};
	objectVersion = 46;
	objects = {

/* Begin PBXBuildFile section */
		A314CB121C838A6F00CF5EBA /* AppDelegate.swift in Sources */ = {isa = PBXBuildFile; fileRef = A314CB111C838A6F00CF5EBA /* AppDelegate.swift */; };
		A314CB141C838A6F00CF5EBA /* ViewController.swift in Sources */ = {isa = PBXBuildFile; fileRef = A314CB131C838A6F00CF5EBA /* ViewController.swift */; };
		A314CB171C838A6F00CF5EBA /* Main.storyboard in Resources */ = {isa = PBXBuildFile; fileRef = A314CB151C838A6F00CF5EBA /* Main.storyboard */; };
		A314CB191C838A6F00CF5EBA /* Assets.xcassets in Resources */ = {isa = PBXBuildFile; fileRef = A314CB181C838A6F00CF5EBA /* Assets.xcassets */; };
		A314CB1C1C838A6F00CF5EBA /* LaunchScreen.storyboard in Resources */ = {isa = PBXBuildFile; fileRef = A314CB1A1C838A6F00CF5EBA /* LaunchScreen.storyboard */; };
/* End PBXBuildFile section */

/* Begin PBXFileReference section */
		A314CB0E1C838A6F00CF5EBA /* bnr-quiz.app */ = {isa = PBXFileReference; explicitFileType = wrapper.application; includeInIndex = 0; path = "bnr-quiz.app"; sourceTree = BUILT_PRODUCTS_DIR; };
		A314CB111C838A6F00CF5EBA /* AppDelegate.swift */ = {isa = PBXFileReference; lastKnownFileType = sourcecode.swift; path = AppDelegate.swift; sourceTree = "<group>"; };
		A314CB131C838A6F00CF5EBA /* ViewController.swift */ = {isa = PBXFileReference; lastKnownFileType = sourcecode.swift; path = ViewController.swift; sourceTree = "<group>"; };
		A314CB161C838A6F00CF5EBA /* Base */ = {isa = PBXFileReference; lastKnownFileType = file.storyboard; name = Base; path = Base.lproj/Main.storyboard; sourceTree = "<group>"; };
		A314CB181C838A6F00CF5EBA /* Assets.xcassets */ = {isa = PBXFileReference; lastKnownFileType = folder.assetcatalog; path = Assets.xcassets; sourceTree = "<group>"; };
		A314CB1B1C838A6F00CF5EBA /* Base */ = {isa = PBXFileReference; lastKnownFileType = file.storyboard; name = Base; path = Base.lproj/LaunchScreen.storyboard; sourceTree = "<group>"; };
		A314CB1D1C838A6F00CF5EBA /* Info.plist */ = {isa = PBXFileReference; lastKnownFileType = text.plist.xml; path = Info.plist; sourceTree = "<group>"; };
/* End PBXFileReference section */

/* Begin PBXFrameworksBuildPhase section */
		A314CB0B1C838A6F00CF5EBA /* Frameworks */ = {
			isa = PBXFrameworksBuildPhase;
			buildActionMask = 2147483647;
			files = (
			);
			runOnlyForDeploymentPostprocessing = 0;
		};
/* End PBXFrameworksBuildPhase section */

/* Begin PBXGroup section */
		A314CB051C838A6E00CF5EBA = {
			isa = PBXGroup;
			children = (
				A314CB101C838A6F00CF5EBA /* bnr-quiz */,
				A314CB0F1C838A6F00CF5EBA /* Products */,
			);
			sourceTree = "<group>";
		};
		A314CB0F1C838A6F00CF5EBA /* Products */ = {
			isa = PBXGroup;
			children = (
				A314CB0E1C838A6F00CF5EBA /* bnr-quiz.app */,
			);
			name = Products;
			sourceTree = "<group>";
		};
		A314CB101C838A6F00CF5EBA /* bnr-quiz */ = {
			isa = PBXGroup;
			children = (
				A314CB111C838A6F00CF5EBA /* AppDelegate.swift */,
				A314CB131C838A6F00CF5EBA /* ViewController.swift */,
				A314CB151C838A6F00CF5EBA /* Main.storyboard */,
				A314CB181C838A6F00CF5EBA /* Assets.xcassets */,
				A314CB1A1C838A6F00CF5EBA /* LaunchScreen.storyboard */,
				A314CB1D1C838A6F00CF5EBA /* Info.plist */,
			);
			path = "bnr-quiz";
			sourceTree = "<group>";
		};
/* End PBXGroup section */

/* Begin PBXNativeTarget section */
		A314CB0D1C838A6F00CF5EBA /* bnr-quiz */ = {
			isa = PBXNativeTarget;
			buildConfigurationList = A314CB201C838A6F00CF5EBA /* Build configuration list for PBXNativeTarget "bnr-quiz" */;
			buildPhases = (
				A314CB0A1C838A6F00CF5EBA /* Sources */,
				A314CB0B1C838A6F00CF5EBA /* Frameworks */,
				A314CB0C1C838A6F00CF5EBA /* Resources */,
			);
			buildRules = (
			);
			dependencies = (
			);
			name = "bnr-quiz";
			productName = "bnr-quiz";
			productReference = A314CB0E1C838A6F00CF5EBA /* bnr-quiz.app */;
			productType = "com.apple.product-type.application";
		};
/* End PBXNativeTarget section */

/* Begin PBXProject section */
		A314CB061C838A6E00CF5EBA /* Project object */ = {
			isa = PBXProject;
			attributes = {
				LastSwiftUpdateCheck = 0720;
				LastUpgradeCheck = 0720;
				ORGANIZATIONNAME = "Richard Martin";
				TargetAttributes = {
					A314CB0D1C838A6F00CF5EBA = {
						CreatedOnToolsVersion = 7.2.1;
					};
				};
			};
			buildConfigurationList = A314CB091C838A6E00CF5EBA /* Build configuration list for PBXProject "bnr-quiz" */;
			compatibilityVersion = "Xcode 3.2";
			developmentRegion = English;
			hasScannedForEncodings = 0;
			knownRegions = (
				en,
				Base,
			);
			mainGroup = A314CB051C838A6E00CF5EBA;
			productRefGroup = A314CB0F1C838A6F00CF5EBA /* Products */;
			projectDirPath = "";
			projectRoot = "";
			targets = (
				A314CB0D1C838A6F00CF5EBA /* bnr-quiz */,
			);
		};
/* End PBXProject section */

/* Begin PBXResourcesBuildPhase section */
		A314CB0C1C838A6F00CF5EBA /* Resources */ = {
			isa = PBXResourcesBuildPhase;
			buildActionMask = 2147483647;
			files = (
				A314CB1C1C838A6F00CF5EBA /* LaunchScreen.storyboard in Resources */,
				A314CB191C838A6F00CF5EBA /* Assets.xcassets in Resources */,
				A314CB171C838A6F00CF5EBA /* Main.storyboard in Resources */,
			);
			runOnlyForDeploymentPostprocessing = 0;
		};
/* End PBXResourcesBuildPhase section */

/* Begin PBXSourcesBuildPhase section */
		A314CB0A1C838A6F00CF5EBA /* Sources */ = {
			isa = PBXSourcesBuildPhase;
			buildActionMask = 2147483647;
			files = (
				A314CB141C838A6F00CF5EBA /* ViewController.swift in Sources */,
				A314CB121C838A6F00CF5EBA /* AppDelegate.swift in Sources */,
			);
			runOnlyForDeploymentPostprocessing = 0;
		};
/* End PBXSourcesBuildPhase section */

/* Begin PBXVariantGroup section */
		A314CB151C838A6F00CF5EBA /* Main.storyboard */ = {
			isa = PBXVariantGroup;
			children = (
				A314CB161C838A6F00CF5EBA /* Base */,
			);
			name = Main.storyboard;
			sourceTree = "<group>";
		};
		A314CB1A1C838A6F00CF5EBA /* LaunchScreen.storyboard */ = {
			isa = PBXVariantGroup;
			children = (
				A314CB1B1C838A6F00CF5EBA /* Base */,
			);
			name = LaunchScreen.storyboard;
			sourceTree = "<group>";
		};
/* End PBXVariantGroup section */

/* Begin XCBuildConfiguration section */
		A314CB1E1C838A6F00CF5EBA /* Debug */ = {
			isa = XCBuildConfiguration;
			buildSettings = {
				ALWAYS_SEARCH_USER_PATHS = NO;
				CLANG_CXX_LANGUAGE_STANDARD = "gnu++0x";
				CLANG_CXX_LIBRARY = "libc++";
				CLANG_ENABLE_MODULES = YES;
				CLANG_ENABLE_OBJC_ARC = YES;
				CLANG_WARN_BOOL_CONVERSION = YES;
				CLANG_WARN_CONSTANT_CONVERSION = YES;
				CLANG_WARN_DIRECT_OBJC_ISA_USAGE = YES_ERROR;
				CLANG_WARN_EMPTY_BODY = YES;
				CLANG_WARN_ENUM_CONVERSION = YES;
				CLANG_WARN_INT_CONVERSION = YES;
				CLANG_WARN_OBJC_ROOT_CLASS = YES_ERROR;
				CLANG_WARN_UNREACHABLE_CODE = YES;
				CLANG_WARN__DUPLICATE_METHOD_MATCH = YES;
				"CODE_SIGN_IDENTITY[sdk=iphoneos*]" = "iPhone Developer";
				COPY_PHASE_STRIP = NO;
				DEBUG_INFORMATION_FORMAT = dwarf;
				ENABLE_STRICT_OBJC_MSGSEND = YES;
				ENABLE_TESTABILITY = YES;
				GCC_C_LANGUAGE_STANDARD = gnu99;
				GCC_DYNAMIC_NO_PIC = NO;
				GCC_NO_COMMON_BLOCKS = YES;
				GCC_OPTIMIZATION_LEVEL = 0;
				GCC_PREPROCESSOR_DEFINITIONS = (
					"DEBUG=1",
					"$(inherited)",
				);
				GCC_WARN_64_TO_32_BIT_CONVERSION = YES;
				GCC_WARN_ABOUT_RETURN_TYPE = YES_ERROR;
				GCC_WARN_UNDECLARED_SELECTOR = YES;
				GCC_WARN_UNINITIALIZED_AUTOS = YES_AGGRESSIVE;
				GCC_WARN_UNUSED_FUNCTION = YES;
				GCC_WARN_UNUSED_VARIABLE = YES;
				IPHONEOS_DEPLOYMENT_TARGET = 9.2;
				MTL_ENABLE_DEBUG_INFO = YES;
				ONLY_ACTIVE_ARCH = YES;
				SDKROOT = iphoneos;
				SWIFT_OPTIMIZATION_LEVEL = "-Onone";
			};
			name = Debug;
		};
		A314CB1F1C838A6F00CF5EBA /* Release */ = {
			isa = XCBuildConfiguration;
			buildSettings = {
				ALWAYS_SEARCH_USER_PATHS = NO;
				CLANG_CXX_LANGUAGE_STANDARD = "gnu++0x";
				CLANG_CXX_LIBRARY = "libc++";
				CLANG_ENABLE_MODULES = YES;
				CLANG_ENABLE_OBJC_ARC = YES;
				CLANG_WARN_BOOL_CONVERSION = YES;
				CLANG_WARN_CONSTANT_CONVERSION = YES;
				CLANG_WARN_DIRECT_OBJC_ISA_USAGE = YES_ERROR;
				CLANG_WARN_EMPTY_BODY = YES;
				CLANG_WARN_ENUM_CONVERSION = YES;
				CLANG_WARN_INT_CONVERSION = YES;
				CLANG_WARN_OBJC_ROOT_CLASS = YES_ERROR;
				CLANG_WARN_UNREACHABLE_CODE = YES;
				CLANG_WARN__DUPLICATE_METHOD_MATCH = YES;
				"CODE_SIGN_IDENTITY[sdk=iphoneos*]" = "iPhone Developer";
				COPY_PHASE_STRIP = NO;
				DEBUG_INFORMATION_FORMAT = "dwarf-with-dsym";
				ENABLE_NS_ASSERTIONS = NO;
				ENABLE_STRICT_OBJC_MSGSEND = YES;
				GCC_C_LANGUAGE_STANDARD = gnu99;
				GCC_NO_COMMON_BLOCKS = YES;
				GCC_WARN_64_TO_32_BIT_CONVERSION = YES;
				GCC_WARN_ABOUT_RETURN_TYPE = YES_ERROR;
				GCC_WARN_UNDECLARED_SELECTOR = YES;
				GCC_WARN_UNINITIALIZED_AUTOS = YES_AGGRESSIVE;
				GCC_WARN_UNUSED_FUNCTION = YES;
				GCC_WARN_UNUSED_VARIABLE = YES;
				IPHONEOS_DEPLOYMENT_TARGET = 9.2;
				MTL_ENABLE_DEBUG_INFO = NO;
				SDKROOT = iphoneos;
				VALIDATE_PRODUCT = YES;
			};
			name = Release;
		};
		A314CB211C838A6F00CF5EBA /* Debug */ = {
			isa = XCBuildConfiguration;
			buildSettings = {
				ASSETCATALOG_COMPILER_APPICON_NAME = AppIcon;
				INFOPLIST_FILE = "bnr-quiz/Info.plist";
				LD_RUNPATH_SEARCH_PATHS = "$(inherited) @executable_path/Frameworks";
				PRODUCT_BUNDLE_IDENTIFIER = "me.richardgmartin.bnr-quiz";
				PRODUCT_NAME = "$(TARGET_NAME)";
			};
			name = Debug;
		};
		A314CB221C838A6F00CF5EBA /* Release */ = {
			isa = XCBuildConfiguration;
			buildSettings = {
				ASSETCATALOG_COMPILER_APPICON_NAME = AppIcon;
				INFOPLIST_FILE = "bnr-quiz/Info.plist";
				LD_RUNPATH_SEARCH_PATHS = "$(inherited) @executable_path/Frameworks";
				PRODUCT_BUNDLE_IDENTIFIER = "me.richardgmartin.bnr-quiz";
				PRODUCT_NAME = "$(TARGET_NAME)";
			};
			name = Release;
		};
/* End XCBuildConfiguration section */

/* Begin XCConfigurationList section */
		A314CB091C838A6E00CF5EBA /* Build configuration list for PBXProject "bnr-quiz" */ = {
			isa = XCConfigurationList;
			buildConfigurations = (
				A314CB1E1C838A6F00CF5EBA /* Debug */,
				A314CB1F1C838A6F00CF5EBA /* Release */,
			);
			defaultConfigurationIsVisible = 0;
			defaultConfigurationName = Release;
		};
		A314CB201C838A6F00CF5EBA /* Build configuration list for PBXNativeTarget "bnr-quiz" */ = {
			isa = XCConfigurationList;
			buildConfigurations = (
				A314CB211C838A6F00CF5EBA /* Debug */,
				A314CB221C838A6F00CF5EBA /* Release */,
			);
			defaultConfigurationIsVisible = 0;
		};
/* End XCConfigurationList section */
	};
	rootObject = A314CB061C838A6E00CF5EBA /* Project object */;
}
